
Microsoft Visual Studio Solution File, Format Version 12.00
# Visual Studio Version 16
VisualStudioVersion = 16.0.29519.181
MinimumVisualStudioVersion = 10.0.40219.1
Project("{FAE04EC0-301F-11D3-BF4B-00C04F79EFBC}") = "Codility", "Codility\Codility.csproj", "{66541BA4-596C-4B19-9FE2-34E7AAFD3D23}"
EndProject
Global
	GlobalSection(SolutionConfigurationPlatforms) = preSolution
		Debug|Any CPU = Debug|Any CPU
		Release|Any CPU = Release|Any CPU
	EndGlobalSection
	GlobalSection(ProjectConfigurationPlatforms) = postSolution
		{66541BA4-596C-4B19-9FE2-34E7AAFD3D23}.Debug|Any CPU.ActiveCfg = Debug|Any CPU
		{66541BA4-596C-4B19-9FE2-34E7AAFD3D23}.Debug|Any CPU.Build.0 = Debug|Any CPU
		{66541BA4-596C-4B19-9FE2-34E7AAFD3D23}.Release|Any CPU.ActiveCfg = Release|Any CPU
		{66541BA4-596C-4B19-9FE2-34E7AAFD3D23}.Release|Any CPU.Build.0 = Release|Any CPU
	EndGlobalSection
	GlobalSection(SolutionProperties) = preSolution
		HideSolutionNode = FALSE
	EndGlobalSection
	GlobalSection(ExtensibilityGlobals) = postSolution
		SolutionGuid = {8ED62B3A-8D71-4781-9CDB-45360B0F37D7}
	EndGlobalSection
EndGlobal
